// !$*UTF8*$!
{
   archiveVersion = "1";
   objectVersion = "46";
   objects = {
      "LottieLib::Lottie" = {
         isa = "PBXNativeTarget";
         buildConfigurationList = "OBJ_92";
         buildPhases = (
            "OBJ_95",
            "OBJ_153"
         );
         dependencies = (
         );
         name = "Lottie";
         productName = "Lottie";
         productReference = "LottieLib::Lottie::Product";
         productType = "com.apple.product-type.framework";
      };
      "LottieLib::Lottie::Product" = {
         isa = "PBXFileReference";
         path = "Lottie.framework";
         sourceTree = "BUILT_PRODUCTS_DIR";
      };
      "LottieLib::SwiftPMPackageDescription" = {
         isa = "PBXNativeTarget";
         buildConfigurationList = "OBJ_155";
         buildPhases = (
            "OBJ_158"
         );
         dependencies = (
         );
         name = "LottieLibPackageDescription";
         productName = "LottieLibPackageDescription";
         productType = "com.apple.product-type.framework";
      };
      "OBJ_1" = {
         isa = "PBXProject";
         attributes = {
            LastSwiftMigration = "9999";
            LastUpgradeCheck = "9999";
         };
         buildConfigurationList = "OBJ_2";
         compatibilityVersion = "Xcode 3.2";
         developmentRegion = "en";
         hasScannedForEncodings = "0";
         knownRegions = (
            "en"
         );
         mainGroup = "OBJ_5";
         productRefGroup = "OBJ_77";
         projectDirPath = ".";
         targets = (
            "LottieLib::Lottie",
            "LottieLib::SwiftPMPackageDescription"
         );
      };
      "OBJ_10" = {
         isa = "PBXFileReference";
         path = "LOTCompositionContainer.m";
         sourceTree = "<group>";
      };
      "OBJ_100" = {
         isa = "PBXBuildFile";
         fileRef = "OBJ_15";
      };
      "OBJ_101" = {
         isa = "PBXBuildFile";
         fileRef = "OBJ_17";
      };
      "OBJ_102" = {
         isa = "PBXBuildFile";
         fileRef = "OBJ_18";
      };
      "OBJ_103" = {
         isa = "PBXBuildFile";
         fileRef = "OBJ_19";
      };
      "OBJ_104" = {
         isa = "PBXBuildFile";
         fileRef = "OBJ_20";
      };
      "OBJ_105" = {
         isa = "PBXBuildFile";
         fileRef = "OBJ_22";
      };
      "OBJ_106" = {
         isa = "PBXBuildFile";
         fileRef = "OBJ_23";
      };
      "OBJ_107" = {
         isa = "PBXBuildFile";
         fileRef = "OBJ_24";
      };
      "OBJ_108" = {
         isa = "PBXBuildFile";
         fileRef = "OBJ_25";
      };
      "OBJ_109" = {
         isa = "PBXBuildFile";
         fileRef = "OBJ_26";
      };
      "OBJ_11" = {
         isa = "PBXFileReference";
         path = "LOTLayerContainer.m";
         sourceTree = "<group>";
      };
      "OBJ_110" = {
         isa = "PBXBuildFile";
         fileRef = "OBJ_27";
      };
      "OBJ_111" = {
         isa = "PBXBuildFile";
         fileRef = "OBJ_28";
      };
      "OBJ_112" = {
         isa = "PBXBuildFile";
         fileRef = "OBJ_29";
      };
      "OBJ_113" = {
         isa = "PBXBuildFile";
         fileRef = "OBJ_30";
      };
      "OBJ_114" = {
         isa = "PBXBuildFile";
         fileRef = "OBJ_31";
      };
      "OBJ_115" = {
         isa = "PBXBuildFile";
         fileRef = "OBJ_32";
      };
      "OBJ_116" = {
         isa = "PBXBuildFile";
         fileRef = "OBJ_33";
      };
      "OBJ_117" = {
         isa = "PBXBuildFile";
         fileRef = "OBJ_34";
      };
      "OBJ_118" = {
         isa = "PBXBuildFile";
         fileRef = "OBJ_35";
      };
      "OBJ_119" = {
         isa = "PBXBuildFile";
         fileRef = "OBJ_36";
      };
      "OBJ_12" = {
         isa = "PBXFileReference";
         path = "LOTMaskContainer.m";
         sourceTree = "<group>";
      };
      "OBJ_120" = {
         isa = "PBXBuildFile";
         fileRef = "OBJ_37";
      };
      "OBJ_121" = {
         isa = "PBXBuildFile";
         fileRef = "OBJ_39";
      };
      "OBJ_122" = {
         isa = "PBXBuildFile";
         fileRef = "OBJ_40";
      };
      "OBJ_123" = {
         isa = "PBXBuildFile";
         fileRef = "OBJ_41";
      };
      "OBJ_124" = {
         isa = "PBXBuildFile";
         fileRef = "OBJ_42";
      };
      "OBJ_125" = {
         isa = "PBXBuildFile";
         fileRef = "OBJ_43";
      };
      "OBJ_126" = {
         isa = "PBXBuildFile";
         fileRef = "OBJ_44";
      };
      "OBJ_127" = {
         isa = "PBXBuildFile";
         fileRef = "OBJ_45";
      };
      "OBJ_128" = {
         isa = "PBXBuildFile";
         fileRef = "OBJ_46";
      };
      "OBJ_129" = {
         isa = "PBXBuildFile";
         fileRef = "OBJ_47";
      };
      "OBJ_13" = {
         isa = "PBXGroup";
         children = (
            "OBJ_14",
            "OBJ_15"
         );
         name = "AnimatableProperties";
         path = "AnimatableProperties";
         sourceTree = "<group>";
      };
      "OBJ_130" = {
         isa = "PBXBuildFile";
         fileRef = "OBJ_48";
      };
      "OBJ_131" = {
         isa = "PBXBuildFile";
         fileRef = "OBJ_49";
      };
      "OBJ_132" = {
         isa = "PBXBuildFile";
         fileRef = "OBJ_52";
      };
      "OBJ_133" = {
         isa = "PBXBuildFile";
         fileRef = "OBJ_53";
      };
      "OBJ_134" = {
         isa = "PBXBuildFile";
         fileRef = "OBJ_54";
      };
      "OBJ_135" = {
         isa = "PBXBuildFile";
         fileRef = "OBJ_55";
      };
      "OBJ_136" = {
         isa = "PBXBuildFile";
         fileRef = "OBJ_56";
      };
      "OBJ_137" = {
         isa = "PBXBuildFile";
         fileRef = "OBJ_58";
      };
      "OBJ_138" = {
         isa = "PBXBuildFile";
         fileRef = "OBJ_59";
      };
      "OBJ_139" = {
         isa = "PBXBuildFile";
         fileRef = "OBJ_60";
      };
      "OBJ_14" = {
         isa = "PBXFileReference";
         path = "LOTBezierData.m";
         sourceTree = "<group>";
      };
      "OBJ_140" = {
         isa = "PBXBuildFile";
         fileRef = "OBJ_61";
      };
      "OBJ_141" = {
         isa = "PBXBuildFile";
         fileRef = "OBJ_62";
      };
      "OBJ_142" = {
         isa = "PBXBuildFile";
         fileRef = "OBJ_63";
      };
      "OBJ_143" = {
         isa = "PBXBuildFile";
         fileRef = "OBJ_64";
      };
      "OBJ_144" = {
         isa = "PBXBuildFile";
         fileRef = "OBJ_65";
      };
      "OBJ_145" = {
         isa = "PBXBuildFile";
         fileRef = "OBJ_66";
      };
      "OBJ_146" = {
         isa = "PBXBuildFile";
         fileRef = "OBJ_67";
      };
      "OBJ_147" = {
         isa = "PBXBuildFile";
         fileRef = "OBJ_69";
      };
      "OBJ_148" = {
         isa = "PBXBuildFile";
         fileRef = "OBJ_71";
      };
      "OBJ_149" = {
         isa = "PBXBuildFile";
         fileRef = "OBJ_72";
      };
      "OBJ_15" = {
         isa = "PBXFileReference";
         path = "LOTKeyframe.m";
         sourceTree = "<group>";
      };
      "OBJ_150" = {
         isa = "PBXBuildFile";
         fileRef = "OBJ_73";
      };
      "OBJ_151" = {
         isa = "PBXBuildFile";
         fileRef = "OBJ_74";
      };
      "OBJ_152" = {
         isa = "PBXBuildFile";
         fileRef = "OBJ_75";
      };
      "OBJ_153" = {
         isa = "PBXFrameworksBuildPhase";
         files = (
         );
      };
      "OBJ_155" = {
         isa = "XCConfigurationList";
         buildConfigurations = (
            "OBJ_156",
            "OBJ_157"
         );
         defaultConfigurationIsVisible = "0";
         defaultConfigurationName = "Release";
      };
      "OBJ_156" = {
         isa = "XCBuildConfiguration";
         buildSettings = {
            LD = "/usr/bin/true";
            OTHER_SWIFT_FLAGS = (
               "-swift-version",
               "5",
               "-I",
               "$(TOOLCHAIN_DIR)/usr/lib/swift/pm/4_2",
               "-target",
               "x86_64-apple-macosx10.10",
               "-sdk",
               "/Applications/Xcode.app/Contents/Developer/Platforms/MacOSX.platform/Developer/SDKs/MacOSX10.15.sdk",
               "-package-description-version",
               "5.2.0"
            );
            SWIFT_VERSION = "5.0";
         };
         name = "Debug";
      };
      "OBJ_157" = {
         isa = "XCBuildConfiguration";
         buildSettings = {
            LD = "/usr/bin/true";
            OTHER_SWIFT_FLAGS = (
               "-swift-version",
               "5",
               "-I",
               "$(TOOLCHAIN_DIR)/usr/lib/swift/pm/4_2",
               "-target",
               "x86_64-apple-macosx10.10",
               "-sdk",
               "/Applications/Xcode.app/Contents/Developer/Platforms/MacOSX.platform/Developer/SDKs/MacOSX10.15.sdk",
               "-package-description-version",
               "5.2.0"
            );
            SWIFT_VERSION = "5.0";
         };
         name = "Release";
      };
      "OBJ_158" = {
         isa = "PBXSourcesBuildPhase";
         files = (
            "OBJ_159"
         );
      };
      "OBJ_159" = {
         isa = "PBXBuildFile";
         fileRef = "OBJ_6";
      };
      "OBJ_16" = {
         isa = "PBXGroup";
         children = (
            "OBJ_17",
            "OBJ_18",
            "OBJ_19",
            "OBJ_20"
         );
         name = "Extensions";
         path = "Extensions";
         sourceTree = "<group>";
      };
      "OBJ_17" = {
         isa = "PBXFileReference";
         path = "CGGeometry+LOTAdditions.m";
         sourceTree = "<group>";
      };
      "OBJ_18" = {
         isa = "PBXFileReference";
         path = "LOTBezierPath.m";
         sourceTree = "<group>";
      };
      "OBJ_19" = {
         isa = "PBXFileReference";
         path = "LOTRadialGradientLayer.m";
         sourceTree = "<group>";
      };
      "OBJ_2" = {
         isa = "XCConfigurationList";
         buildConfigurations = (
            "OBJ_3",
            "OBJ_4"
         );
         defaultConfigurationIsVisible = "0";
         defaultConfigurationName = "Release";
      };
      "OBJ_20" = {
         isa = "PBXFileReference";
         path = "UIColor+Expanded.m";
         sourceTree = "<group>";
      };
      "OBJ_21" = {
         isa = "PBXGroup";
         children = (
            "OBJ_22",
            "OBJ_23",
            "OBJ_24",
            "OBJ_25",
            "OBJ_26",
            "OBJ_27",
            "OBJ_28",
            "OBJ_29",
            "OBJ_30",
            "OBJ_31",
            "OBJ_32",
            "OBJ_33",
            "OBJ_34",
            "OBJ_35",
            "OBJ_36",
            "OBJ_37"
         );
         name = "Models";
         path = "Models";
         sourceTree = "<group>";
      };
      "OBJ_22" = {
         isa = "PBXFileReference";
         path = "LOTAsset.m";
         sourceTree = "<group>";
      };
      "OBJ_23" = {
         isa = "PBXFileReference";
         path = "LOTAssetGroup.m";
         sourceTree = "<group>";
      };
      "OBJ_24" = {
         isa = "PBXFileReference";
         path = "LOTLayer.m";
         sourceTree = "<group>";
      };
      "OBJ_25" = {
         isa = "PBXFileReference";
         path = "LOTLayerGroup.m";
         sourceTree = "<group>";
      };
      "OBJ_26" = {
         isa = "PBXFileReference";
         path = "LOTMask.m";
         sourceTree = "<group>";
      };
      "OBJ_27" = {
         isa = "PBXFileReference";
         path = "LOTShapeCircle.m";
         sourceTree = "<group>";
      };
      "OBJ_28" = {
         isa = "PBXFileReference";
         path = "LOTShapeFill.m";
         sourceTree = "<group>";
      };
      "OBJ_29" = {
         isa = "PBXFileReference";
         path = "LOTShapeGradientFill.m";
         sourceTree = "<group>";
      };
      "OBJ_3" = {
         isa = "XCBuildConfiguration";
         buildSettings = {
            CLANG_ENABLE_OBJC_ARC = "YES";
            COMBINE_HIDPI_IMAGES = "YES";
            COPY_PHASE_STRIP = "NO";
            DEBUG_INFORMATION_FORMAT = "dwarf";
            DYLIB_INSTALL_NAME_BASE = "@rpath";
            ENABLE_NS_ASSERTIONS = "YES";
            GCC_OPTIMIZATION_LEVEL = "0";
            GCC_PREPROCESSOR_DEFINITIONS = (
               "$(inherited)",
               "SWIFT_PACKAGE=1",
               "DEBUG=1"
            );
            MACOSX_DEPLOYMENT_TARGET = "10.10";
            ONLY_ACTIVE_ARCH = "YES";
            OTHER_SWIFT_FLAGS = (
               "$(inherited)",
               "-DXcode"
            );
            PRODUCT_NAME = "$(TARGET_NAME)";
            SDKROOT = "macosx";
            SUPPORTED_PLATFORMS = (
               "macosx",
               "iphoneos",
               "iphonesimulator",
               "appletvos",
               "appletvsimulator",
               "watchos",
               "watchsimulator"
            );
            SWIFT_ACTIVE_COMPILATION_CONDITIONS = (
               "$(inherited)",
               "SWIFT_PACKAGE",
               "DEBUG"
            );
            SWIFT_OPTIMIZATION_LEVEL = "-Onone";
            USE_HEADERMAP = "NO";
         };
         name = "Debug";
      };
      "OBJ_30" = {
         isa = "PBXFileReference";
         path = "LOTShapeGroup.m";
         sourceTree = "<group>";
      };
      "OBJ_31" = {
         isa = "PBXFileReference";
         path = "LOTShapePath.m";
         sourceTree = "<group>";
      };
      "OBJ_32" = {
         isa = "PBXFileReference";
         path = "LOTShapeRectangle.m";
         sourceTree = "<group>";
      };
      "OBJ_33" = {
         isa = "PBXFileReference";
         path = "LOTShapeRepeater.m";
         sourceTree = "<group>";
      };
      "OBJ_34" = {
         isa = "PBXFileReference";
         path = "LOTShapeStar.m";
         sourceTree = "<group>";
      };
      "OBJ_35" = {
         isa = "PBXFileReference";
         path = "LOTShapeStroke.m";
         sourceTree = "<group>";
      };
      "OBJ_36" = {
         isa = "PBXFileReference";
         path = "LOTShapeTransform.m";
         sourceTree = "<group>";
      };
      "OBJ_37" = {
         isa = "PBXFileReference";
         path = "LOTShapeTrimPath.m";
         sourceTree = "<group>";
      };
      "OBJ_38" = {
         isa = "PBXGroup";
         children = (
            "OBJ_39",
            "OBJ_40",
            "OBJ_41",
            "OBJ_42",
            "OBJ_43",
            "OBJ_44",
            "OBJ_45",
            "OBJ_46",
            "OBJ_47",
            "OBJ_48",
            "OBJ_49"
         );
         name = "Private";
         path = "Private";
         sourceTree = "<group>";
      };
      "OBJ_39" = {
         isa = "PBXFileReference";
         path = "LOTAnimatedControl.m";
         sourceTree = "<group>";
      };
      "OBJ_4" = {
         isa = "XCBuildConfiguration";
         buildSettings = {
            CLANG_ENABLE_OBJC_ARC = "YES";
            COMBINE_HIDPI_IMAGES = "YES";
            COPY_PHASE_STRIP = "YES";
            DEBUG_INFORMATION_FORMAT = "dwarf-with-dsym";
            DYLIB_INSTALL_NAME_BASE = "@rpath";
            GCC_OPTIMIZATION_LEVEL = "s";
            GCC_PREPROCESSOR_DEFINITIONS = (
               "$(inherited)",
               "SWIFT_PACKAGE=1"
            );
            MACOSX_DEPLOYMENT_TARGET = "10.10";
            OTHER_SWIFT_FLAGS = (
               "$(inherited)",
               "-DXcode"
            );
            PRODUCT_NAME = "$(TARGET_NAME)";
            SDKROOT = "macosx";
            SUPPORTED_PLATFORMS = (
               "macosx",
               "iphoneos",
               "iphonesimulator",
               "appletvos",
               "appletvsimulator",
               "watchos",
               "watchsimulator"
            );
            SWIFT_ACTIVE_COMPILATION_CONDITIONS = (
               "$(inherited)",
               "SWIFT_PACKAGE"
            );
            SWIFT_OPTIMIZATION_LEVEL = "-Owholemodule";
            USE_HEADERMAP = "NO";
         };
         name = "Release";
      };
      "OBJ_40" = {
         isa = "PBXFileReference";
         path = "LOTAnimatedSwitch.m";
         sourceTree = "<group>";
      };
      "OBJ_41" = {
         isa = "PBXFileReference";
         path = "LOTAnimationCache.m";
         sourceTree = "<group>";
      };
      "OBJ_42" = {
         isa = "PBXFileReference";
         path = "LOTAnimationTransitionController.m";
         sourceTree = "<group>";
      };
      "OBJ_43" = {
         isa = "PBXFileReference";
         path = "LOTAnimationView.m";
         sourceTree = "<group>";
      };
      "OBJ_44" = {
         isa = "PBXFileReference";
         path = "LOTBlockCallback.m";
         sourceTree = "<group>";
      };
      "OBJ_45" = {
         isa = "PBXFileReference";
         path = "LOTCacheProvider.m";
         sourceTree = "<group>";
      };
      "OBJ_46" = {
         isa = "PBXFileReference";
         path = "LOTComposition.m";
         sourceTree = "<group>";
      };
      "OBJ_47" = {
         isa = "PBXFileReference";
         path = "LOTInterpolatorCallback.m";
         sourceTree = "<group>";
      };
      "OBJ_48" = {
         isa = "PBXFileReference";
         path = "LOTKeypath.m";
         sourceTree = "<group>";
      };
      "OBJ_49" = {
         isa = "PBXFileReference";
         path = "LOTValueCallback.m";
         sourceTree = "<group>";
      };
      "OBJ_5" = {
         isa = "PBXGroup";
         children = (
            "OBJ_6",
            "OBJ_7",
            "OBJ_76",
            "OBJ_77",
            "OBJ_79",
            "OBJ_80",
            "OBJ_81",
            "OBJ_82",
            "OBJ_83",
            "OBJ_84",
            "OBJ_85",
            "OBJ_86",
            "OBJ_87",
            "OBJ_88",
            "OBJ_89",
            "OBJ_90"
         );
         path = "";
         sourceTree = "<group>";
      };
      "OBJ_50" = {
         isa = "PBXGroup";
         children = (
            "OBJ_51",
            "OBJ_57",
            "OBJ_66",
            "OBJ_67",
            "OBJ_68",
            "OBJ_70"
         );
         name = "RenderSystem";
         path = "RenderSystem";
         sourceTree = "<group>";
      };
      "OBJ_51" = {
         isa = "PBXGroup";
         children = (
            "OBJ_52",
            "OBJ_53",
            "OBJ_54",
            "OBJ_55",
            "OBJ_56"
         );
         name = "AnimatorNodes";
         path = "AnimatorNodes";
         sourceTree = "<group>";
      };
      "OBJ_52" = {
         isa = "PBXFileReference";
         path = "LOTCircleAnimator.m";
         sourceTree = "<group>";
      };
      "OBJ_53" = {
         isa = "PBXFileReference";
         path = "LOTPathAnimator.m";
         sourceTree = "<group>";
      };
      "OBJ_54" = {
         isa = "PBXFileReference";
         path = "LOTPolygonAnimator.m";
         sourceTree = "<group>";
      };
      "OBJ_55" = {
         isa = "PBXFileReference";
         path = "LOTPolystarAnimator.m";
         sourceTree = "<group>";
      };
      "OBJ_56" = {
         isa = "PBXFileReference";
         path = "LOTRoundedRectAnimator.m";
         sourceTree = "<group>";
      };
      "OBJ_57" = {
         isa = "PBXGroup";
         children = (
            "OBJ_58",
            "OBJ_59",
            "OBJ_60",
            "OBJ_61",
            "OBJ_62",
            "OBJ_63",
            "OBJ_64",
            "OBJ_65"
         );
         name = "InterpolatorNodes";
         path = "InterpolatorNodes";
         sourceTree = "<group>";
      };
      "OBJ_58" = {
         isa = "PBXFileReference";
         path = "LOTArrayInterpolator.m";
         sourceTree = "<group>";
      };
      "OBJ_59" = {
         isa = "PBXFileReference";
         path = "LOTColorInterpolator.m";
         sourceTree = "<group>";
      };
      "OBJ_6" = {
         isa = "PBXFileReference";
         explicitFileType = "sourcecode.swift";
         path = "Package.swift";
         sourceTree = "<group>";
      };
      "OBJ_60" = {
         isa = "PBXFileReference";
         path = "LOTNumberInterpolator.m";
         sourceTree = "<group>";
      };
      "OBJ_61" = {
         isa = "PBXFileReference";
         path = "LOTPathInterpolator.m";
         sourceTree = "<group>";
      };
      "OBJ_62" = {
         isa = "PBXFileReference";
         path = "LOTPointInterpolator.m";
         sourceTree = "<group>";
      };
      "OBJ_63" = {
         isa = "PBXFileReference";
         path = "LOTSizeInterpolator.m";
         sourceTree = "<group>";
      };
      "OBJ_64" = {
         isa = "PBXFileReference";
         path = "LOTTransformInterpolator.m";
         sourceTree = "<group>";
      };
      "OBJ_65" = {
         isa = "PBXFileReference";
         path = "LOTValueInterpolator.m";
         sourceTree = "<group>";
      };
      "OBJ_66" = {
         isa = "PBXFileReference";
         path = "LOTAnimatorNode.m";
         sourceTree = "<group>";
      };
      "OBJ_67" = {
         isa = "PBXFileReference";
         path = "LOTRenderNode.m";
         sourceTree = "<group>";
      };
      "OBJ_68" = {
         isa = "PBXGroup";
         children = (
            "OBJ_69"
         );
         name = "ManipulatorNodes";
         path = "ManipulatorNodes";
         sourceTree = "<group>";
      };
      "OBJ_69" = {
         isa = "PBXFileReference";
         path = "LOTTrimPathNode.m";
         sourceTree = "<group>";
      };
      "OBJ_7" = {
         isa = "PBXGroup";
         children = (
            "OBJ_8"
         );
         name = "Sources";
         path = "lottie-ios";
         sourceTree = "SOURCE_ROOT";
      };
      "OBJ_70" = {
         isa = "PBXGroup";
         children = (
            "OBJ_71",
            "OBJ_72",
            "OBJ_73",
            "OBJ_74",
            "OBJ_75"
         );
         name = "RenderNodes";
         path = "RenderNodes";
         sourceTree = "<group>";
      };
      "OBJ_71" = {
         isa = "PBXFileReference";
         path = "LOTFillRenderer.m";
         sourceTree = "<group>";
      };
      "OBJ_72" = {
         isa = "PBXFileReference";
         path = "LOTGradientFillRender.m";
         sourceTree = "<group>";
      };
      "OBJ_73" = {
         isa = "PBXFileReference";
         path = "LOTRenderGroup.m";
         sourceTree = "<group>";
      };
      "OBJ_74" = {
         isa = "PBXFileReference";
         path = "LOTRepeaterRenderer.m";
         sourceTree = "<group>";
      };
      "OBJ_75" = {
         isa = "PBXFileReference";
         path = "LOTStrokeRenderer.m";
         sourceTree = "<group>";
      };
      "OBJ_76" = {
         isa = "PBXGroup";
         children = (
         );
         name = "Tests";
         path = "";
         sourceTree = "SOURCE_ROOT";
      };
      "OBJ_77" = {
         isa = "PBXGroup";
         children = (
            "LottieLib::Lottie::Product"
         );
         name = "Products";
         path = "";
         sourceTree = "BUILT_PRODUCTS_DIR";
      };
      "OBJ_79" = {
         isa = "PBXFileReference";
         path = "Example";
         sourceTree = "SOURCE_ROOT";
      };
      "OBJ_8" = {
         isa = "PBXGroup";
         children = (
            "OBJ_9",
            "OBJ_13",
            "OBJ_16",
            "OBJ_21",
            "OBJ_38",
            "OBJ_50"
         );
         name = "Classes";
         path = "Classes";
         sourceTree = "<group>";
      };
      "OBJ_80" = {
         isa = "PBXFileReference";
         path = "_AeFiles";
         sourceTree = "SOURCE_ROOT";
      };
      "OBJ_81" = {
         isa = "PBXFileReference";
         path = "_Gifs";
         sourceTree = "SOURCE_ROOT";
      };
      "OBJ_82" = {
         isa = "PBXFileReference";
         path = "MacOS_Viewer";
         sourceTree = "SOURCE_ROOT";
      };
      "OBJ_83" = {
         isa = "PBXFileReference";
         path = "Example-Swift";
         sourceTree = "SOURCE_ROOT";
      };
      "OBJ_84" = {
         isa = "PBXFileReference";
         path = "Lottie";
         sourceTree = "SOURCE_ROOT";
      };
      "OBJ_85" = {
         isa = "PBXFileReference";
         path = "lottie-ios";
         sourceTree = "SOURCE_ROOT";
      };
      "OBJ_86" = {
         isa = "PBXFileReference";
         path = "LICENSE";
         sourceTree = "<group>";
      };
      "OBJ_87" = {
         isa = "PBXFileReference";
         path = "lottie-ios.podspec";
         sourceTree = "<group>";
      };
      "OBJ_88" = {
         isa = "PBXFileReference";
         path = "index.js";
         sourceTree = "<group>";
      };
      "OBJ_89" = {
         isa = "PBXFileReference";
         path = "README.md";
         sourceTree = "<group>";
      };
      "OBJ_9" = {
         isa = "PBXGroup";
         children = (
            "OBJ_10",
            "OBJ_11",
            "OBJ_12"
         );
         name = "AnimatableLayers";
         path = "AnimatableLayers";
         sourceTree = "<group>";
      };
      "OBJ_90" = {
         isa = "PBXFileReference";
         path = "package.json";
         sourceTree = "<group>";
      };
      "OBJ_92" = {
         isa = "XCConfigurationList";
         buildConfigurations = (
            "OBJ_93",
            "OBJ_94"
         );
         defaultConfigurationIsVisible = "0";
         defaultConfigurationName = "Release";
      };
      "OBJ_93" = {
         isa = "XCBuildConfiguration";
         buildSettings = {
            ENABLE_TESTABILITY = "YES";
            FRAMEWORK_SEARCH_PATHS = (
               "$(inherited)",
               "$(PLATFORM_DIR)/Developer/Library/Frameworks"
            );
            HEADER_SEARCH_PATHS = (
               "$(inherited)",
               "$(SRCROOT)/lottie-ios/Classes/**",
               "${SRCROOT}/lottie-ios/Classes/**"
            );
            INFOPLIST_FILE = "LottieLib.xcodeproj/Lottie_Info.plist";
            IPHONEOS_DEPLOYMENT_TARGET = "12.0";
            LD_RUNPATH_SEARCH_PATHS = (
               "$(inherited)",
               "$(TOOLCHAIN_DIR)/usr/lib/swift/macosx"
            );
            MACOSX_DEPLOYMENT_TARGET = "10.10";
            OTHER_CFLAGS = (
               "$(inherited)"
            );
            OTHER_LDFLAGS = (
               "$(inherited)"
            );
            OTHER_SWIFT_FLAGS = (
               "$(inherited)"
            );
            PRODUCT_BUNDLE_IDENTIFIER = "Lottie";
            PRODUCT_MODULE_NAME = "$(TARGET_NAME:c99extidentifier)";
            PRODUCT_NAME = "$(TARGET_NAME:c99extidentifier)";
            SKIP_INSTALL = "YES";
            SWIFT_ACTIVE_COMPILATION_CONDITIONS = (
               "$(inherited)"
            );
            TARGET_NAME = "Lottie";
            TVOS_DEPLOYMENT_TARGET = "9.0";
            WATCHOS_DEPLOYMENT_TARGET = "2.0";
         };
         name = "Debug";
      };
      "OBJ_94" = {
         isa = "XCBuildConfiguration";
         buildSettings = {
            ENABLE_TESTABILITY = "YES";
            FRAMEWORK_SEARCH_PATHS = (
               "$(inherited)",
               "$(PLATFORM_DIR)/Developer/Library/Frameworks"
            );
            HEADER_SEARCH_PATHS = (
               "$(inherited)",
               "$(SRCROOT)/lottie-ios/Classes/**",
               "${SRCROOT}/lottie-ios/Classes/**"
            );
            INFOPLIST_FILE = "LottieLib.xcodeproj/Lottie_Info.plist";
            IPHONEOS_DEPLOYMENT_TARGET = "12.0";
            LD_RUNPATH_SEARCH_PATHS = (
               "$(inherited)",
               "$(TOOLCHAIN_DIR)/usr/lib/swift/macosx"
            );
            MACOSX_DEPLOYMENT_TARGET = "10.10";
            OTHER_CFLAGS = (
               "$(inherited)"
            );
            OTHER_LDFLAGS = (
               "$(inherited)"
            );
            OTHER_SWIFT_FLAGS = (
               "$(inherited)"
            );
            PRODUCT_BUNDLE_IDENTIFIER = "Lottie";
            PRODUCT_MODULE_NAME = "$(TARGET_NAME:c99extidentifier)";
            PRODUCT_NAME = "$(TARGET_NAME:c99extidentifier)";
            SKIP_INSTALL = "YES";
            SWIFT_ACTIVE_COMPILATION_CONDITIONS = (
               "$(inherited)"
            );
            TARGET_NAME = "Lottie";
            TVOS_DEPLOYMENT_TARGET = "9.0";
            WATCHOS_DEPLOYMENT_TARGET = "2.0";
         };
         name = "Release";
      };
      "OBJ_95" = {
         isa = "PBXSourcesBuildPhase";
         files = (
            "OBJ_96",
            "OBJ_97",
            "OBJ_98",
            "OBJ_99",
            "OBJ_100",
            "OBJ_101",
            "OBJ_102",
            "OBJ_103",
            "OBJ_104",
            "OBJ_105",
            "OBJ_106",
            "OBJ_107",
            "OBJ_108",
            "OBJ_109",
            "OBJ_110",
            "OBJ_111",
            "OBJ_112",
            "OBJ_113",
            "OBJ_114",
            "OBJ_115",
            "OBJ_116",
            "OBJ_117",
            "OBJ_118",
            "OBJ_119",
            "OBJ_120",
            "OBJ_121",
            "OBJ_122",
            "OBJ_123",
            "OBJ_124",
            "OBJ_125",
            "OBJ_126",
            "OBJ_127",
            "OBJ_128",
            "OBJ_129",
            "OBJ_130",
            "OBJ_131",
            "OBJ_132",
            "OBJ_133",
            "OBJ_134",
            "OBJ_135",
            "OBJ_136",
            "OBJ_137",
            "OBJ_138",
            "OBJ_139",
            "OBJ_140",
            "OBJ_141",
            "OBJ_142",
            "OBJ_143",
            "OBJ_144",
            "OBJ_145",
            "OBJ_146",
            "OBJ_147",
            "OBJ_148",
            "OBJ_149",
            "OBJ_150",
            "OBJ_151",
            "OBJ_152"
         );
      };
      "OBJ_96" = {
         isa = "PBXBuildFile";
         fileRef = "OBJ_10";
      };
      "OBJ_97" = {
         isa = "PBXBuildFile";
         fileRef = "OBJ_11";
      };
      "OBJ_98" = {
         isa = "PBXBuildFile";
         fileRef = "OBJ_12";
      };
      "OBJ_99" = {
         isa = "PBXBuildFile";
         fileRef = "OBJ_14";
      };
   };
   rootObject = "OBJ_1";
}
